
Microsoft Visual Studio Solution File, Format Version 12.00
# Visual Studio 15
VisualStudioVersion = 15.0.28010.2048
MinimumVisualStudioVersion = 10.0.40219.1
Project("{FAE04EC0-301F-11D3-BF4B-00C04F79EFBC}") = "Paparser", "Paparser\Paparser.csproj", "{7EC9C369-6D1B-4616-9344-14A7C0E9A3EB}"
EndProject
Project("{FAE04EC0-301F-11D3-BF4B-00C04F79EFBC}") = "TestNinja.UnitTests", "TestNinja.UnitTests\TestNinja.UnitTests.csproj", "{C2E31E2B-5A5E-45D8-A3A5-DFB28259ACFC}"
EndProject
Global
	GlobalSection(SolutionConfigurationPlatforms) = preSolution
		Debug|Any CPU = Debug|Any CPU
		Release|Any CPU = Release|Any CPU
	EndGlobalSection
	GlobalSection(ProjectConfigurationPlatforms) = postSolution
		{7EC9C369-6D1B-4616-9344-14A7C0E9A3EB}.Debug|Any CPU.ActiveCfg = Debug|Any CPU
		{7EC9C369-6D1B-4616-9344-14A7C0E9A3EB}.Debug|Any CPU.Build.0 = Debug|Any CPU
		{7EC9C369-6D1B-4616-9344-14A7C0E9A3EB}.Release|Any CPU.ActiveCfg = Release|Any CPU
		{7EC9C369-6D1B-4616-9344-14A7C0E9A3EB}.Release|Any CPU.Build.0 = Release|Any CPU
		{C2E31E2B-5A5E-45D8-A3A5-DFB28259ACFC}.Debug|Any CPU.ActiveCfg = Debug|Any CPU
		{C2E31E2B-5A5E-45D8-A3A5-DFB28259ACFC}.Debug|Any CPU.Build.0 = Debug|Any CPU
		{C2E31E2B-5A5E-45D8-A3A5-DFB28259ACFC}.Release|Any CPU.ActiveCfg = Release|Any CPU
		{C2E31E2B-5A5E-45D8-A3A5-DFB28259ACFC}.Release|Any CPU.Build.0 = Release|Any CPU
	EndGlobalSection
	GlobalSection(SolutionProperties) = preSolution
		HideSolutionNode = FALSE
	EndGlobalSection
	GlobalSection(ExtensibilityGlobals) = postSolution
		SolutionGuid = {3E0B085E-5E49-49E2-837C-AECDF9DDDFCF}
	EndGlobalSection
EndGlobal
